
Microsoft Visual Studio Solution File, Format Version 12.00
# Visual Studio Version 17
VisualStudioVersion = 17.5.002.0
MinimumVisualStudioVersion = 10.0.40219.1
Project("{9A19103F-16F7-4668-BE54-9A1E7A4F7556}") = "csci495cycle3api", "csci495cycle3api.csproj", "{EAE93FC4-29A8-49B4-AB9F-0AE9F005F241}"
EndProject
Global
	GlobalSection(SolutionConfigurationPlatforms) = preSolution
		Debug|Any CPU = Debug|Any CPU
		Release|Any CPU = Release|Any CPU
	EndGlobalSection
	GlobalSection(ProjectConfigurationPlatforms) = postSolution
		{EAE93FC4-29A8-49B4-AB9F-0AE9F005F241}.Debug|Any CPU.ActiveCfg = Debug|Any CPU
		{EAE93FC4-29A8-49B4-AB9F-0AE9F005F241}.Debug|Any CPU.Build.0 = Debug|Any CPU
		{EAE93FC4-29A8-49B4-AB9F-0AE9F005F241}.Release|Any CPU.ActiveCfg = Release|Any CPU
		{EAE93FC4-29A8-49B4-AB9F-0AE9F005F241}.Release|Any CPU.Build.0 = Release|Any CPU
	EndGlobalSection
	GlobalSection(SolutionProperties) = preSolution
		HideSolutionNode = FALSE
	EndGlobalSection
	GlobalSection(ExtensibilityGlobals) = postSolution
		SolutionGuid = {3553D075-AD8F-4933-A7D7-6DFED7E71BD6}
	EndGlobalSection
EndGlobal
